
Microsoft Visual Studio Solution File, Format Version 12.00
# Visual Studio Version 17
VisualStudioVersion = 17.6.33815.320
MinimumVisualStudioVersion = 10.0.40219.1
Project("{9A19103F-16F7-4668-BE54-9A1E7A4F7556}") = "API", "CatQL\API.csproj", "{239A8549-CC4F-4F61-805A-E00B408C5F03}"
EndProject
Project("{9A19103F-16F7-4668-BE54-9A1E7A4F7556}") = "Core", "Domain\Core.csproj", "{C67D3D0E-537F-4CBD-82C6-A59F3FCA9153}"
EndProject
Project("{9A19103F-16F7-4668-BE54-9A1E7A4F7556}") = "Infrastructure", "DataAccess\Infrastructure.csproj", "{28DF1ED5-9BFA-4941-A7EE-6657C1FF06C2}"
EndProject
Project("{9A19103F-16F7-4668-BE54-9A1E7A4F7556}") = "Application", "Application\Application.csproj", "{76626DCC-F61B-4D89-B022-DD1754BA8E66}"
EndProject
Project("{2150E333-8FDC-42A3-9474-1A3956D46DE8}") = "Projektmappenelemente", "Projektmappenelemente", "{D214F4E8-CD1F-4160-8A92-F4B12E6A2DF8}"
	ProjectSection(SolutionItems) = preProject
		CatQL.sln.DotSettings = CatQL.sln.DotSettings
		editorconfig = editorconfig
	EndProjectSection
EndProject
Global
	GlobalSection(SolutionConfigurationPlatforms) = preSolution
		Debug|Any CPU = Debug|Any CPU
		Release|Any CPU = Release|Any CPU
	EndGlobalSection
	GlobalSection(ProjectConfigurationPlatforms) = postSolution
		{239A8549-CC4F-4F61-805A-E00B408C5F03}.Debug|Any CPU.ActiveCfg = Debug|Any CPU
		{239A8549-CC4F-4F61-805A-E00B408C5F03}.Debug|Any CPU.Build.0 = Debug|Any CPU
		{239A8549-CC4F-4F61-805A-E00B408C5F03}.Release|Any CPU.ActiveCfg = Release|Any CPU
		{239A8549-CC4F-4F61-805A-E00B408C5F03}.Release|Any CPU.Build.0 = Release|Any CPU
		{C67D3D0E-537F-4CBD-82C6-A59F3FCA9153}.Debug|Any CPU.ActiveCfg = Debug|Any CPU
		{C67D3D0E-537F-4CBD-82C6-A59F3FCA9153}.Debug|Any CPU.Build.0 = Debug|Any CPU
		{C67D3D0E-537F-4CBD-82C6-A59F3FCA9153}.Release|Any CPU.ActiveCfg = Release|Any CPU
		{C67D3D0E-537F-4CBD-82C6-A59F3FCA9153}.Release|Any CPU.Build.0 = Release|Any CPU
		{28DF1ED5-9BFA-4941-A7EE-6657C1FF06C2}.Debug|Any CPU.ActiveCfg = Debug|Any CPU
		{28DF1ED5-9BFA-4941-A7EE-6657C1FF06C2}.Debug|Any CPU.Build.0 = Debug|Any CPU
		{28DF1ED5-9BFA-4941-A7EE-6657C1FF06C2}.Release|Any CPU.ActiveCfg = Release|Any CPU
		{28DF1ED5-9BFA-4941-A7EE-6657C1FF06C2}.Release|Any CPU.Build.0 = Release|Any CPU
		{76626DCC-F61B-4D89-B022-DD1754BA8E66}.Debug|Any CPU.ActiveCfg = Debug|Any CPU
		{76626DCC-F61B-4D89-B022-DD1754BA8E66}.Debug|Any CPU.Build.0 = Debug|Any CPU
		{76626DCC-F61B-4D89-B022-DD1754BA8E66}.Release|Any CPU.ActiveCfg = Release|Any CPU
		{76626DCC-F61B-4D89-B022-DD1754BA8E66}.Release|Any CPU.Build.0 = Release|Any CPU
	EndGlobalSection
	GlobalSection(SolutionProperties) = preSolution
		HideSolutionNode = FALSE
	EndGlobalSection
	GlobalSection(ExtensibilityGlobals) = postSolution
		SolutionGuid = {DA10448F-EC94-4779-BAA5-7551625CF7AA}
	EndGlobalSection
EndGlobal
